// !$*UTF8*$!
{
	archiveVersion = 1;
	classes = {
	};
	objectVersion = 77;
	objects = {

/* Begin PBXBuildFile section */
		E23C9B092FB312D0006982E1 /* BuxMuseTimerWidget.appex in Embed Foundation Extensions */ = {isa = PBXBuildFile; fileRef = E23C9B012FB312D0006982E1 /* BuxMuseTimerWidget.appex */; settings = {ATTRIBUTES = (RemoveHeadersOnCopy, ); }; };
/* End PBXBuildFile section */

/* Begin PBXContainerItemProxy section */
		E23C9AA82FB312CF006982E0 /* PBXContainerItemProxy */ = {
			isa = PBXContainerItemProxy;
			containerPortal = E23C9A8D2FB312CE006982E0 /* Project object */;
			proxyType = 1;
			remoteGlobalIDString = E23C9A942FB312CE006982E0;
			remoteInfo = BuxMuse;
		};
		E23C9AB22FB312CF006982E0 /* PBXContainerItemProxy */ = {
			isa = PBXContainerItemProxy;
			containerPortal = E23C9A8D2FB312CE006982E0 /* Project object */;
			proxyType = 1;
			remoteGlobalIDString = E23C9A942FB312CE006982E0;
			remoteInfo = BuxMuse;
		};
		E23C9B082FB312D0006982E1 /* PBXContainerItemProxy */ = {
			isa = PBXContainerItemProxy;
			containerPortal = E23C9A8D2FB312CE006982E0 /* Project object */;
			proxyType = 1;
			remoteGlobalIDString = E23C9B032FB312D0006982E1;
			remoteInfo = BuxMuseTimerWidget;
		};
/* End PBXContainerItemProxy section */

/* Begin PBXCopyFilesBuildPhase section */
		E23C9B0A2FB312D0006982E1 /* Embed Foundation Extensions */ = {
			isa = PBXCopyFilesBuildPhase;
			buildActionMask = 2147483647;
			dstPath = "";
			dstSubfolderSpec = 13;
			files = (
				E23C9B092FB312D0006982E1 /* BuxMuseTimerWidget.appex in Embed Foundation Extensions */,
			);
			name = "Embed Foundation Extensions";
			runOnlyForDeploymentPostprocessing = 0;
		};
/* End PBXCopyFilesBuildPhase section */

/* Begin PBXFileReference section */
		E23C9A952FB312CE006982E0 /* BuxMuse.app */ = {isa = PBXFileReference; explicitFileType = wrapper.application; includeInIndex = 0; path = BuxMuse.app; sourceTree = BUILT_PRODUCTS_DIR; };
		E23C9AA72FB312CF006982E0 /* BuxMuseTests.xctest */ = {isa = PBXFileReference; explicitFileType = wrapper.cfbundle; includeInIndex = 0; path = BuxMuseTests.xctest; sourceTree = BUILT_PRODUCTS_DIR; };
		E23C9AB12FB312CF006982E0 /* BuxMuseUITests.xctest */ = {isa = PBXFileReference; explicitFileType = wrapper.cfbundle; includeInIndex = 0; path = BuxMuseUITests.xctest; sourceTree = BUILT_PRODUCTS_DIR; };
		E23C9B012FB312D0006982E1 /* BuxMuseTimerWidget.appex */ = {isa = PBXFileReference; explicitFileType = "wrapper.app-extension"; includeInIndex = 0; path = BuxMuseTimerWidget.appex; sourceTree = BUILT_PRODUCTS_DIR; };
/* End PBXFileReference section */

/* Begin PBXFileSystemSynchronizedRootGroup section */
		E23C9A972FB312CE006982E0 /* BuxMuse */ = {
			isa = PBXFileSystemSynchronizedRootGroup;
			path = BuxMuse;
			sourceTree = "<group>";
		};
		E23C9AAA2FB312CF006982E0 /* BuxMuseTests */ = {
			isa = PBXFileSystemSynchronizedRootGroup;
			path = BuxMuseTests;
			sourceTree = "<group>";
		};
		E23C9AB42FB312CF006982E0 /* BuxMuseUITests */ = {
			isa = PBXFileSystemSynchronizedRootGroup;
			path = BuxMuseUITests;
			sourceTree = "<group>";
		};
		E23C9B022FB312D0006982E1 /* BuxMuseTimerWidget */ = {
			isa = PBXFileSystemSynchronizedRootGroup;
			path = BuxMuseTimerWidget;
			sourceTree = "<group>";
		};
/* End PBXFileSystemSynchronizedRootGroup section */

/* Begin PBXFrameworksBuildPhase section */
		E23C9A922FB312CE006982E0 /* Frameworks */ = {
			isa = PBXFrameworksBuildPhase;
			buildActionMask = 2147483647;
			files = (
			);
			runOnlyForDeploymentPostprocessing = 0;
		};
		E23C9AA42FB312CF006982E0 /* Frameworks */ = {
			isa = PBXFrameworksBuildPhase;
			buildActionMask = 2147483647;
			files = (
			);
			runOnlyForDeploymentPostprocessing = 0;
		};
		E23C9AAE2FB312CF006982E0 /* Frameworks */ = {
			isa = PBXFrameworksBuildPhase;
			buildActionMask = 2147483647;
			files = (
			);
			runOnlyForDeploymentPostprocessing = 0;
		};
		E23C9B052FB312D0006982E1 /* Frameworks */ = {
			isa = PBXFrameworksBuildPhase;
			buildActionMask = 2147483647;
			files = (
			);
			runOnlyForDeploymentPostprocessing = 0;
		};
/* End PBXFrameworksBuildPhase section */

/* Begin PBXGroup section */
		E23C9A8C2FB312CE006982E0 = {
			isa = PBXGroup;
			children = (
				E23C9A972FB312CE006982E0 /* BuxMuse */,
				E23C9B022FB312D0006982E1 /* BuxMuseTimerWidget */,
				E23C9AAA2FB312CF006982E0 /* BuxMuseTests */,
				E23C9AB42FB312CF006982E0 /* BuxMuseUITests */,
				E23C9A962FB312CE006982E0 /* Products */,
			);
			sourceTree = "<group>";
		};
		E23C9A962FB312CE006982E0 /* Products */ = {
			isa = PBXGroup;
			children = (
				E23C9A952FB312CE006982E0 /* BuxMuse.app */,
				E23C9B012FB312D0006982E1 /* BuxMuseTimerWidget.appex */,
				E23C9AA72FB312CF006982E0 /* BuxMuseTests.xctest */,
				E23C9AB12FB312CF006982E0 /* BuxMuseUITests.xctest */,
			);
			name = Products;
			sourceTree = "<group>";
		};
/* End PBXGroup section */

/* Begin PBXNativeTarget section */
		E23C9A942FB312CE006982E0 /* BuxMuse */ = {
			isa = PBXNativeTarget;
			buildConfigurationList = E23C9ABB2FB312CF006982E0 /* Build configuration list for PBXNativeTarget "BuxMuse" */;
			buildPhases = (
				E23C9A912FB312CE006982E0 /* Sources */,
				E23C9A922FB312CE006982E0 /* Frameworks */,
				E23C9A932FB312CE006982E0 /* Resources */,
				E23C9B0A2FB312D0006982E1 /* Embed Foundation Extensions */,
			);
			buildRules = (
			);
			dependencies = (
				E23C9B072FB312D0006982E1 /* PBXTargetDependency */,
			);
			fileSystemSynchronizedGroups = (
				E23C9A972FB312CE006982E0 /* BuxMuse */,
			);
			name = BuxMuse;
			packageProductDependencies = (
			);
			productName = BuxMuse;
			productReference = E23C9A952FB312CE006982E0 /* BuxMuse.app */;
			productType = "com.apple.product-type.application";
		};
		E23C9AA62FB312CF006982E0 /* BuxMuseTests */ = {
			isa = PBXNativeTarget;
			buildConfigurationList = E23C9ABE2FB312CF006982E0 /* Build configuration list for PBXNativeTarget "BuxMuseTests" */;
			buildPhases = (
				E23C9AA32FB312CF006982E0 /* Sources */,
				E23C9AA42FB312CF006982E0 /* Frameworks */,
				E23C9AA52FB312CF006982E0 /* Resources */,
			);
			buildRules = (
			);
			dependencies = (
				E23C9AA92FB312CF006982E0 /* PBXTargetDependency */,
			);
			fileSystemSynchronizedGroups = (
				E23C9AAA2FB312CF006982E0 /* BuxMuseTests */,
			);
			name = BuxMuseTests;
			packageProductDependencies = (
			);
			productName = BuxMuseTests;
			productReference = E23C9AA72FB312CF006982E0 /* BuxMuseTests.xctest */;
			productType = "com.apple.product-type.bundle.unit-test";
		};
		E23C9AB02FB312CF006982E0 /* BuxMuseUITests */ = {
			isa = PBXNativeTarget;
			buildConfigurationList = E23C9AC12FB312CF006982E0 /* Build configuration list for PBXNativeTarget "BuxMuseUITests" */;
			buildPhases = (
				E23C9AAD2FB312CF006982E0 /* Sources */,
				E23C9AAE2FB312CF006982E0 /* Frameworks */,
				E23C9AAF2FB312CF006982E0 /* Resources */,
			);
			buildRules = (
			);
			dependencies = (
				E23C9AB32FB312CF006982E0 /* PBXTargetDependency */,
			);
			fileSystemSynchronizedGroups = (
				E23C9AB42FB312CF006982E0 /* BuxMuseUITests */,
			);
			name = BuxMuseUITests;
			packageProductDependencies = (
			);
			productName = BuxMuseUITests;
			productReference = E23C9AB12FB312CF006982E0 /* BuxMuseUITests.xctest */;
			productType = "com.apple.product-type.bundle.ui-testing";
		};
		E23C9B032FB312D0006982E1 /* BuxMuseTimerWidget */ = {
			isa = PBXNativeTarget;
			buildConfigurationList = E23C9B0D2FB312D0006982E1 /* Build configuration list for PBXNativeTarget "BuxMuseTimerWidget" */;
			buildPhases = (
				E23C9B042FB312D0006982E1 /* Sources */,
				E23C9B052FB312D0006982E1 /* Frameworks */,
				E23C9B062FB312D0006982E1 /* Resources */,
			);
			buildRules = (
			);
			dependencies = (
			);
			fileSystemSynchronizedGroups = (
				E23C9B022FB312D0006982E1 /* BuxMuseTimerWidget */,
			);
			name = BuxMuseTimerWidget;
			packageProductDependencies = (
			);
			productName = BuxMuseTimerWidget;
			productReference = E23C9B012FB312D0006982E1 /* BuxMuseTimerWidget.appex */;
			productType = "com.apple.product-type.app-extension";
		};
/* End PBXNativeTarget section */

/* Begin PBXProject section */
		E23C9A8D2FB312CE006982E0 /* Project object */ = {
			isa = PBXProject;
			attributes = {
				BuildIndependentTargetsInParallel = 1;
				LastSwiftUpdateCheck = 2640;
				LastUpgradeCheck = 2640;
				TargetAttributes = {
					E23C9A942FB312CE006982E0 = {
						CreatedOnToolsVersion = 26.4.1;
					};
					E23C9AA62FB312CF006982E0 = {
						CreatedOnToolsVersion = 26.4.1;
						TestTargetID = E23C9A942FB312CE006982E0;
					};
					E23C9AB02FB312CF006982E0 = {
						CreatedOnToolsVersion = 26.4.1;
						TestTargetID = E23C9A942FB312CE006982E0;
					};
				};
			};
			buildConfigurationList = E23C9A902FB312CE006982E0 /* Build configuration list for PBXProject "BuxMuse" */;
			developmentRegion = en;
			hasScannedForEncodings = 0;
			knownRegions = (
				Base,
				en,
				es,
				"es-419",
				"es-ES",
			);
			mainGroup = E23C9A8C2FB312CE006982E0;
			minimizedProjectReferenceProxies = 1;
			preferredProjectObjectVersion = 77;
			productRefGroup = E23C9A962FB312CE006982E0 /* Products */;
			projectDirPath = "";
			projectRoot = "";
			targets = (
				E23C9A942FB312CE006982E0 /* BuxMuse */,
				E23C9B032FB312D0006982E1 /* BuxMuseTimerWidget */,
				E23C9AA62FB312CF006982E0 /* BuxMuseTests */,
				E23C9AB02FB312CF006982E0 /* BuxMuseUITests */,
			);
		};
/* End PBXProject section */

/* Begin PBXResourcesBuildPhase section */
		E23C9A932FB312CE006982E0 /* Resources */ = {
			isa = PBXResourcesBuildPhase;
			buildActionMask = 2147483647;
			files = (
			);
			runOnlyForDeploymentPostprocessing = 0;
		};
		E23C9AA52FB312CF006982E0 /* Resources */ = {
			isa = PBXResourcesBuildPhase;
			buildActionMask = 2147483647;
			files = (
			);
			runOnlyForDeploymentPostprocessing = 0;
		};
		E23C9AAF2FB312CF006982E0 /* Resources */ = {
			isa = PBXResourcesBuildPhase;
			buildActionMask = 2147483647;
			files = (
			);
			runOnlyForDeploymentPostprocessing = 0;
		};
		E23C9B062FB312D0006982E1 /* Resources */ = {
			isa = PBXResourcesBuildPhase;
			buildActionMask = 2147483647;
			files = (
			);
			runOnlyForDeploymentPostprocessing = 0;
		};
/* End PBXResourcesBuildPhase section */

/* Begin PBXSourcesBuildPhase section */
		E23C9A912FB312CE006982E0 /* Sources */ = {
			isa = PBXSourcesBuildPhase;
			buildActionMask = 2147483647;
			files = (
			);
			runOnlyForDeploymentPostprocessing = 0;
		};
		E23C9AA32FB312CF006982E0 /* Sources */ = {
			isa = PBXSourcesBuildPhase;
			buildActionMask = 2147483647;
			files = (
			);
			runOnlyForDeploymentPostprocessing = 0;
		};
		E23C9AAD2FB312CF006982E0 /* Sources */ = {
			isa = PBXSourcesBuildPhase;
			buildActionMask = 2147483647;
			files = (
			);
			runOnlyForDeploymentPostprocessing = 0;
		};
		E23C9B042FB312D0006982E1 /* Sources */ = {
			isa = PBXSourcesBuildPhase;
			buildActionMask = 2147483647;
			files = (
			);
			runOnlyForDeploymentPostprocessing = 0;
		};
/* End PBXSourcesBuildPhase section */

/* Begin PBXTargetDependency section */
		E23C9AA92FB312CF006982E0 /* PBXTargetDependency */ = {
			isa = PBXTargetDependency;
			target = E23C9A942FB312CE006982E0 /* BuxMuse */;
			targetProxy = E23C9AA82FB312CF006982E0 /* PBXContainerItemProxy */;
		};
		E23C9AB32FB312CF006982E0 /* PBXTargetDependency */ = {
			isa = PBXTargetDependency;
			target = E23C9A942FB312CE006982E0 /* BuxMuse */;
			targetProxy = E23C9AB22FB312CF006982E0 /* PBXContainerItemProxy */;
		};
		E23C9B072FB312D0006982E1 /* PBXTargetDependency */ = {
			isa = PBXTargetDependency;
			target = E23C9B032FB312D0006982E1 /* BuxMuseTimerWidget */;
			targetProxy = E23C9B082FB312D0006982E1 /* PBXContainerItemProxy */;
		};
/* End PBXTargetDependency section */

/* Begin XCBuildConfiguration section */
		E23C9AB92FB312CF006982E0 /* Debug */ = {
			isa = XCBuildConfiguration;
			buildSettings = {
				ALWAYS_SEARCH_USER_PATHS = NO;
				ASSETCATALOG_COMPILER_GENERATE_SWIFT_ASSET_SYMBOL_EXTENSIONS = YES;
				CLANG_ANALYZER_NONNULL = YES;
				CLANG_ANALYZER_NUMBER_OBJECT_CONVERSION = YES_AGGRESSIVE;
				CLANG_CXX_LANGUAGE_STANDARD = "gnu++20";
				CLANG_ENABLE_MODULES = YES;
				CLANG_ENABLE_OBJC_ARC = YES;
				CLANG_ENABLE_OBJC_WEAK = YES;
				CLANG_WARN_BLOCK_CAPTURE_AUTORELEASING = YES;
				CLANG_WARN_BOOL_CONVERSION = YES;
				CLANG_WARN_COMMA = YES;
				CLANG_WARN_CONSTANT_CONVERSION = YES;
				CLANG_WARN_DEPRECATED_OBJC_IMPLEMENTATIONS = YES;
				CLANG_WARN_DIRECT_OBJC_ISA_USAGE = YES_ERROR;
				CLANG_WARN_DOCUMENTATION_COMMENTS = YES;
				CLANG_WARN_EMPTY_BODY = YES;
				CLANG_WARN_ENUM_CONVERSION = YES;
				CLANG_WARN_INFINITE_RECURSION = YES;
				CLANG_WARN_INT_CONVERSION = YES;
				CLANG_WARN_NON_LITERAL_NULL_CONVERSION = YES;
				CLANG_WARN_OBJC_IMPLICIT_RETAIN_SELF = YES;
				CLANG_WARN_OBJC_LITERAL_CONVERSION = YES;
				CLANG_WARN_OBJC_ROOT_CLASS = YES_ERROR;
				CLANG_WARN_QUOTED_INCLUDE_IN_FRAMEWORK_HEADER = YES;
				CLANG_WARN_RANGE_LOOP_ANALYSIS = YES;
				CLANG_WARN_STRICT_PROTOTYPES = YES;
				CLANG_WARN_SUSPICIOUS_MOVE = YES;
				CLANG_WARN_UNGUARDED_AVAILABILITY = YES_AGGRESSIVE;
				CLANG_WARN_UNREACHABLE_CODE = YES;
				CLANG_WARN__DUPLICATE_METHOD_MATCH = YES;
				COPY_PHASE_STRIP = NO;
				DEBUG_INFORMATION_FORMAT = dwarf;
				DEVELOPMENT_TEAM = 8J85UK6P84;
				ENABLE_STRICT_OBJC_MSGSEND = YES;
				ENABLE_TESTABILITY = YES;
				ENABLE_USER_SCRIPT_SANDBOXING = YES;
				GCC_C_LANGUAGE_STANDARD = gnu17;
				GCC_DYNAMIC_NO_PIC = NO;
				GCC_NO_COMMON_BLOCKS = YES;
				GCC_OPTIMIZATION_LEVEL = 0;
				GCC_PREPROCESSOR_DEFINITIONS = (
					"DEBUG=1",
					"$(inherited)",
				);
				GCC_WARN_64_TO_32_BIT_CONVERSION = YES;
				GCC_WARN_ABOUT_RETURN_TYPE = YES_ERROR;
				GCC_WARN_UNDECLARED_SELECTOR = YES;
				GCC_WARN_UNINITIALIZED_AUTOS = YES_AGGRESSIVE;
				GCC_WARN_UNUSED_FUNCTION = YES;
				GCC_WARN_UNUSED_VARIABLE = YES;
				IPHONEOS_DEPLOYMENT_TARGET = 18.0;
				LOCALIZATION_PREFERS_STRING_CATALOGS = YES;
				MTL_ENABLE_DEBUG_INFO = INCLUDE_SOURCE;
				MTL_FAST_MATH = YES;
				ONLY_ACTIVE_ARCH = YES;
				SDKROOT = iphoneos;
				SWIFT_ACTIVE_COMPILATION_CONDITIONS = "DEBUG $(inherited)";
				SWIFT_OPTIMIZATION_LEVEL = "-Onone";
			};
			name = Debug;
		};
		E23C9ABA2FB312CF006982E0 /* Release */ = {
			isa = XCBuildConfiguration;
			buildSettings = {
				ALWAYS_SEARCH_USER_PATHS = NO;
				ASSETCATALOG_COMPILER_GENERATE_SWIFT_ASSET_SYMBOL_EXTENSIONS = YES;
				CLANG_ANALYZER_NONNULL = YES;
				CLANG_ANALYZER_NUMBER_OBJECT_CONVERSION = YES_AGGRESSIVE;
				CLANG_CXX_LANGUAGE_STANDARD = "gnu++20";
				CLANG_ENABLE_MODULES = YES;
				CLANG_ENABLE_OBJC_ARC = YES;
				CLANG_ENABLE_OBJC_WEAK = YES;
				CLANG_WARN_BLOCK_CAPTURE_AUTORELEASING = YES;
				CLANG_WARN_BOOL_CONVERSION = YES;
				CLANG_WARN_COMMA = YES;
				CLANG_WARN_CONSTANT_CONVERSION = YES;
				CLANG_WARN_DEPRECATED_OBJC_IMPLEMENTATIONS = YES;
				CLANG_WARN_DIRECT_OBJC_ISA_USAGE = YES_ERROR;
				CLANG_WARN_DOCUMENTATION_COMMENTS = YES;
				CLANG_WARN_EMPTY_BODY = YES;
				CLANG_WARN_ENUM_CONVERSION = YES;
				CLANG_WARN_INFINITE_RECURSION = YES;
				CLANG_WARN_INT_CONVERSION = YES;
				CLANG_WARN_NON_LITERAL_NULL_CONVERSION = YES;
				CLANG_WARN_OBJC_IMPLICIT_RETAIN_SELF = YES;
				CLANG_WARN_OBJC_LITERAL_CONVERSION = YES;
				CLANG_WARN_OBJC_ROOT_CLASS = YES_ERROR;
				CLANG_WARN_QUOTED_INCLUDE_IN_FRAMEWORK_HEADER = YES;
				CLANG_WARN_RANGE_LOOP_ANALYSIS = YES;
				CLANG_WARN_STRICT_PROTOTYPES = YES;
				CLANG_WARN_SUSPICIOUS_MOVE = YES;
				CLANG_WARN_UNGUARDED_AVAILABILITY = YES_AGGRESSIVE;
				CLANG_WARN_UNREACHABLE_CODE = YES;
				CLANG_WARN__DUPLICATE_METHOD_MATCH = YES;
				COPY_PHASE_STRIP = NO;
				DEBUG_INFORMATION_FORMAT = "dwarf-with-dsym";
				DEVELOPMENT_TEAM = 8J85UK6P84;
				ENABLE_NS_ASSERTIONS = NO;
				ENABLE_STRICT_OBJC_MSGSEND = YES;
				ENABLE_USER_SCRIPT_SANDBOXING = YES;
				GCC_C_LANGUAGE_STANDARD = gnu17;
				GCC_NO_COMMON_BLOCKS = YES;
				GCC_WARN_64_TO_32_BIT_CONVERSION = YES;
				GCC_WARN_ABOUT_RETURN_TYPE = YES_ERROR;
				GCC_WARN_UNDECLARED_SELECTOR = YES;
				GCC_WARN_UNINITIALIZED_AUTOS = YES_AGGRESSIVE;
				GCC_WARN_UNUSED_FUNCTION = YES;
				GCC_WARN_UNUSED_VARIABLE = YES;
				IPHONEOS_DEPLOYMENT_TARGET = 18.0;
				LOCALIZATION_PREFERS_STRING_CATALOGS = YES;
				MTL_ENABLE_DEBUG_INFO = NO;
				MTL_FAST_MATH = YES;
				SDKROOT = iphoneos;
				SWIFT_COMPILATION_MODE = wholemodule;
				VALIDATE_PRODUCT = YES;
			};
			name = Release;
		};
		E23C9ABC2FB312CF006982E0 /* Debug */ = {
			isa = XCBuildConfiguration;
			buildSettings = {
				ASSETCATALOG_COMPILER_APPICON_NAME = AppIcon;
				ASSETCATALOG_COMPILER_GLOBAL_ACCENT_COLOR_NAME = AccentColor;
				ASSETCATALOG_COMPILER_INCLUDE_ALL_APPICON_ASSETS = YES;
				CODE_SIGN_STYLE = Automatic;
				CURRENT_PROJECT_VERSION = 1;
				DEVELOPMENT_TEAM = 8J85UK6P84;
				ENABLE_PREVIEWS = YES;
				GENERATE_INFOPLIST_FILE = YES;
				INFOPLIST_FILE = "BuxMuse-Info.plist";
				INFOPLIST_KEY_NSCameraUsageDescription = "BuxMuse needs camera access to scan physical receipts and documents.";
				INFOPLIST_KEY_NSFaceIDUsageDescription = "BuxMuse secures your local financial summaries with Face ID authentication.";
				INFOPLIST_KEY_NSHealthShareUsageDescription = "BuxMuse reads sleep data from Apple Health to improve your Creative Energy score when you enable HealthKit sync.";
				INFOPLIST_KEY_NSHealthUpdateUsageDescription = "BuxMuse does not write health data; this permission is reserved for future wellness integrations.";
				INFOPLIST_KEY_NSPhotoLibraryUsageDescription = "BuxMuse needs photo library access to let you select stored receipt images.";
				INFOPLIST_KEY_NSSupportsLiveActivities = YES;
				INFOPLIST_KEY_NSUserNotificationsUsageDescription = "BuxMuse sends local reminders before subscriptions and trials renew.";
				INFOPLIST_KEY_UIApplicationSceneManifest_Generation = YES;
				INFOPLIST_KEY_UIApplicationSupportsIndirectInputEvents = YES;
				INFOPLIST_KEY_UILaunchScreen_Generation = YES;
				INFOPLIST_KEY_UISupportedInterfaceOrientations_iPad = "UIInterfaceOrientationPortrait UIInterfaceOrientationPortraitUpsideDown UIInterfaceOrientationLandscapeLeft UIInterfaceOrientationLandscapeRight";
				INFOPLIST_KEY_UISupportedInterfaceOrientations_iPhone = "UIInterfaceOrientationPortrait UIInterfaceOrientationLandscapeLeft UIInterfaceOrientationLandscapeRight";
				LD_RUNPATH_SEARCH_PATHS = (
					"$(inherited)",
					"@executable_path/Frameworks",
				);
				MARKETING_VERSION = 1.0;
				PRODUCT_BUNDLE_IDENTIFIER = com.buxmuse.app;
				PRODUCT_NAME = "$(TARGET_NAME)";
				STRING_CATALOG_GENERATE_SYMBOLS = YES;
				SWIFT_APPROACHABLE_CONCURRENCY = YES;
				SWIFT_DEFAULT_ACTOR_ISOLATION = MainActor;
				SWIFT_EMIT_LOC_STRINGS = YES;
				SWIFT_UPCOMING_FEATURE_MEMBER_IMPORT_VISIBILITY = YES;
				SWIFT_VERSION = 5.0;
				TARGETED_DEVICE_FAMILY = "1,2";
			};
			name = Debug;
		};
		E23C9ABD2FB312CF006982E0 /* Release */ = {
			isa = XCBuildConfiguration;
			buildSettings = {
				ASSETCATALOG_COMPILER_APPICON_NAME = AppIcon;
				ASSETCATALOG_COMPILER_GLOBAL_ACCENT_COLOR_NAME = AccentColor;
				ASSETCATALOG_COMPILER_INCLUDE_ALL_APPICON_ASSETS = YES;
				CODE_SIGN_STYLE = Automatic;
				CURRENT_PROJECT_VERSION = 1;
				DEVELOPMENT_TEAM = 8J85UK6P84;
				ENABLE_PREVIEWS = YES;
				GENERATE_INFOPLIST_FILE = YES;
				INFOPLIST_FILE = "BuxMuse-Info.plist";
				INFOPLIST_KEY_NSCameraUsageDescription = "BuxMuse needs camera access to scan physical receipts and documents.";
				INFOPLIST_KEY_NSFaceIDUsageDescription = "BuxMuse secures your local financial summaries with Face ID authentication.";
				INFOPLIST_KEY_NSHealthShareUsageDescription = "BuxMuse reads sleep data from Apple Health to improve your Creative Energy score when you enable HealthKit sync.";
				INFOPLIST_KEY_NSHealthUpdateUsageDescription = "BuxMuse does not write health data; this permission is reserved for future wellness integrations.";
				INFOPLIST_KEY_NSPhotoLibraryUsageDescription = "BuxMuse needs photo library access to let you select stored receipt images.";
				INFOPLIST_KEY_NSSupportsLiveActivities = YES;
				INFOPLIST_KEY_NSUserNotificationsUsageDescription = "BuxMuse sends local reminders before subscriptions and trials renew.";
				INFOPLIST_KEY_UIApplicationSceneManifest_Generation = YES;
				INFOPLIST_KEY_UIApplicationSupportsIndirectInputEvents = YES;
				INFOPLIST_KEY_UILaunchScreen_Generation = YES;
				INFOPLIST_KEY_UISupportedInterfaceOrientations_iPad = "UIInterfaceOrientationPortrait UIInterfaceOrientationPortraitUpsideDown UIInterfaceOrientationLandscapeLeft UIInterfaceOrientationLandscapeRight";
				INFOPLIST_KEY_UISupportedInterfaceOrientations_iPhone = "UIInterfaceOrientationPortrait UIInterfaceOrientationLandscapeLeft UIInterfaceOrientationLandscapeRight";
				LD_RUNPATH_SEARCH_PATHS = (
					"$(inherited)",
					"@executable_path/Frameworks",
				);
				MARKETING_VERSION = 1.0;
				PRODUCT_BUNDLE_IDENTIFIER = com.buxmuse.app;
				PRODUCT_NAME = "$(TARGET_NAME)";
				STRING_CATALOG_GENERATE_SYMBOLS = YES;
				SWIFT_APPROACHABLE_CONCURRENCY = YES;
				SWIFT_DEFAULT_ACTOR_ISOLATION = MainActor;
				SWIFT_EMIT_LOC_STRINGS = YES;
				SWIFT_UPCOMING_FEATURE_MEMBER_IMPORT_VISIBILITY = YES;
				SWIFT_VERSION = 5.0;
				TARGETED_DEVICE_FAMILY = "1,2";
			};
			name = Release;
		};
		E23C9ABF2FB312CF006982E0 /* Debug */ = {
			isa = XCBuildConfiguration;
			buildSettings = {
				BUNDLE_LOADER = "$(TEST_HOST)";
				CODE_SIGN_STYLE = Automatic;
				CURRENT_PROJECT_VERSION = 1;
				DEVELOPMENT_TEAM = 8J85UK6P84;
				GENERATE_INFOPLIST_FILE = YES;
				IPHONEOS_DEPLOYMENT_TARGET = 18.0;
				MARKETING_VERSION = 1.0;
				PRODUCT_BUNDLE_IDENTIFIER = com.buxmuse.app.tests;
				PRODUCT_NAME = "$(TARGET_NAME)";
				STRING_CATALOG_GENERATE_SYMBOLS = NO;
				SWIFT_APPROACHABLE_CONCURRENCY = YES;
				SWIFT_EMIT_LOC_STRINGS = NO;
				SWIFT_UPCOMING_FEATURE_MEMBER_IMPORT_VISIBILITY = YES;
				SWIFT_VERSION = 5.0;
				TARGETED_DEVICE_FAMILY = "1,2";
				TEST_HOST = "$(BUILT_PRODUCTS_DIR)/BuxMuse.app/$(BUNDLE_EXECUTABLE_FOLDER_PATH)/BuxMuse";
			};
			name = Debug;
		};
		E23C9AC02FB312CF006982E0 /* Release */ = {
			isa = XCBuildConfiguration;
			buildSettings = {
				BUNDLE_LOADER = "$(TEST_HOST)";
				CODE_SIGN_STYLE = Automatic;
				CURRENT_PROJECT_VERSION = 1;
				DEVELOPMENT_TEAM = 8J85UK6P84;
				GENERATE_INFOPLIST_FILE = YES;
				IPHONEOS_DEPLOYMENT_TARGET = 18.0;
				MARKETING_VERSION = 1.0;
				PRODUCT_BUNDLE_IDENTIFIER = com.buxmuse.app.tests;
				PRODUCT_NAME = "$(TARGET_NAME)";
				STRING_CATALOG_GENERATE_SYMBOLS = NO;
				SWIFT_APPROACHABLE_CONCURRENCY = YES;
				SWIFT_EMIT_LOC_STRINGS = NO;
				SWIFT_UPCOMING_FEATURE_MEMBER_IMPORT_VISIBILITY = YES;
				SWIFT_VERSION = 5.0;
				TARGETED_DEVICE_FAMILY = "1,2";
				TEST_HOST = "$(BUILT_PRODUCTS_DIR)/BuxMuse.app/$(BUNDLE_EXECUTABLE_FOLDER_PATH)/BuxMuse";
			};
			name = Release;
		};
		E23C9AC22FB312CF006982E0 /* Debug */ = {
			isa = XCBuildConfiguration;
			buildSettings = {
				CODE_SIGN_STYLE = Automatic;
				CURRENT_PROJECT_VERSION = 1;
				DEVELOPMENT_TEAM = 8J85UK6P84;
				GENERATE_INFOPLIST_FILE = YES;
				MARKETING_VERSION = 1.0;
				PRODUCT_BUNDLE_IDENTIFIER = com.buxmuse.app.uitests;
				PRODUCT_NAME = "$(TARGET_NAME)";
				STRING_CATALOG_GENERATE_SYMBOLS = NO;
				SWIFT_APPROACHABLE_CONCURRENCY = YES;
				SWIFT_EMIT_LOC_STRINGS = NO;
				SWIFT_UPCOMING_FEATURE_MEMBER_IMPORT_VISIBILITY = YES;
				SWIFT_VERSION = 5.0;
				TARGETED_DEVICE_FAMILY = "1,2";
				TEST_TARGET_NAME = BuxMuse;
			};
			name = Debug;
		};
		E23C9AC32FB312CF006982E0 /* Release */ = {
			isa = XCBuildConfiguration;
			buildSettings = {
				CODE_SIGN_STYLE = Automatic;
				CURRENT_PROJECT_VERSION = 1;
				DEVELOPMENT_TEAM = 8J85UK6P84;
				GENERATE_INFOPLIST_FILE = YES;
				MARKETING_VERSION = 1.0;
				PRODUCT_BUNDLE_IDENTIFIER = com.buxmuse.app.uitests;
				PRODUCT_NAME = "$(TARGET_NAME)";
				STRING_CATALOG_GENERATE_SYMBOLS = NO;
				SWIFT_APPROACHABLE_CONCURRENCY = YES;
				SWIFT_EMIT_LOC_STRINGS = NO;
				SWIFT_UPCOMING_FEATURE_MEMBER_IMPORT_VISIBILITY = YES;
				SWIFT_VERSION = 5.0;
				TARGETED_DEVICE_FAMILY = "1,2";
				TEST_TARGET_NAME = BuxMuse;
			};
			name = Release;
		};
		E23C9B0B2FB312D0006982E1 /* Debug */ = {
			isa = XCBuildConfiguration;
			buildSettings = {
				APPLICATION_EXTENSION_API_ONLY = YES;
				CODE_SIGN_STYLE = Automatic;
				CURRENT_PROJECT_VERSION = 1;
				DEVELOPMENT_TEAM = 8J85UK6P84;
				GENERATE_INFOPLIST_FILE = YES;
				INFOPLIST_FILE = TimerWidgetInfo.plist;
				INFOPLIST_KEY_CFBundleDisplayName = "BuxMuse Timer";
				INFOPLIST_KEY_NSHumanReadableCopyright = "";
				INFOPLIST_KEY_NSSupportsLiveActivities = YES;
				IPHONEOS_DEPLOYMENT_TARGET = 18.0;
				LD_RUNPATH_SEARCH_PATHS = (
					"$(inherited)",
					"@executable_path/Frameworks",
					"@executable_path/../../Frameworks",
				);
				MARKETING_VERSION = 1.0;
				PRODUCT_BUNDLE_IDENTIFIER = com.buxmuse.app.TimerWidget;
				PRODUCT_NAME = "$(TARGET_NAME)";
				SKIP_INSTALL = YES;
				SWIFT_EMIT_LOC_STRINGS = YES;
				SWIFT_VERSION = 5.0;
				TARGETED_DEVICE_FAMILY = "1,2";
			};
			name = Debug;
		};
		E23C9B0C2FB312D0006982E1 /* Release */ = {
			isa = XCBuildConfiguration;
			buildSettings = {
				APPLICATION_EXTENSION_API_ONLY = YES;
				CODE_SIGN_STYLE = Automatic;
				CURRENT_PROJECT_VERSION = 1;
				DEVELOPMENT_TEAM = 8J85UK6P84;
				GENERATE_INFOPLIST_FILE = YES;
				INFOPLIST_FILE = TimerWidgetInfo.plist;
				INFOPLIST_KEY_CFBundleDisplayName = "BuxMuse Timer";
				INFOPLIST_KEY_NSHumanReadableCopyright = "";
				INFOPLIST_KEY_NSSupportsLiveActivities = YES;
				IPHONEOS_DEPLOYMENT_TARGET = 18.0;
				LD_RUNPATH_SEARCH_PATHS = (
					"$(inherited)",
					"@executable_path/Frameworks",
					"@executable_path/../../Frameworks",
				);
				MARKETING_VERSION = 1.0;
				PRODUCT_BUNDLE_IDENTIFIER = com.buxmuse.app.TimerWidget;
				PRODUCT_NAME = "$(TARGET_NAME)";
				SKIP_INSTALL = YES;
				SWIFT_EMIT_LOC_STRINGS = YES;
				SWIFT_VERSION = 5.0;
				TARGETED_DEVICE_FAMILY = "1,2";
			};
			name = Release;
		};
/* End XCBuildConfiguration section */

/* Begin XCConfigurationList section */
		E23C9A902FB312CE006982E0 /* Build configuration list for PBXProject "BuxMuse" */ = {
			isa = XCConfigurationList;
			buildConfigurations = (
				E23C9AB92FB312CF006982E0 /* Debug */,
				E23C9ABA2FB312CF006982E0 /* Release */,
			);
			defaultConfigurationIsVisible = 0;
			defaultConfigurationName = Release;
		};
		E23C9ABB2FB312CF006982E0 /* Build configuration list for PBXNativeTarget "BuxMuse" */ = {
			isa = XCConfigurationList;
			buildConfigurations = (
				E23C9ABC2FB312CF006982E0 /* Debug */,
				E23C9ABD2FB312CF006982E0 /* Release */,
			);
			defaultConfigurationIsVisible = 0;
			defaultConfigurationName = Release;
		};
		E23C9ABE2FB312CF006982E0 /* Build configuration list for PBXNativeTarget "BuxMuseTests" */ = {
			isa = XCConfigurationList;
			buildConfigurations = (
				E23C9ABF2FB312CF006982E0 /* Debug */,
				E23C9AC02FB312CF006982E0 /* Release */,
			);
			defaultConfigurationIsVisible = 0;
			defaultConfigurationName = Release;
		};
		E23C9AC12FB312CF006982E0 /* Build configuration list for PBXNativeTarget "BuxMuseUITests" */ = {
			isa = XCConfigurationList;
			buildConfigurations = (
				E23C9AC22FB312CF006982E0 /* Debug */,
				E23C9AC32FB312CF006982E0 /* Release */,
			);
			defaultConfigurationIsVisible = 0;
			defaultConfigurationName = Release;
		};
		E23C9B0D2FB312D0006982E1 /* Build configuration list for PBXNativeTarget "BuxMuseTimerWidget" */ = {
			isa = XCConfigurationList;
			buildConfigurations = (
				E23C9B0B2FB312D0006982E1 /* Debug */,
				E23C9B0C2FB312D0006982E1 /* Release */,
			);
			defaultConfigurationIsVisible = 0;
			defaultConfigurationName = Release;
		};
/* End XCConfigurationList section */
	};
	rootObject = E23C9A8D2FB312CE006982E0 /* Project object */;
}
